
Microsoft Visual Studio Solution File, Format Version 12.00
# Visual Studio Version 17
VisualStudioVersion = 17.11.35431.28
MinimumVisualStudioVersion = 10.0.40219.1
Project("{F184B08F-C81C-45F6-A57F-5ABD9991F28F}") = "Traceability", "Traceability\Traceability.vbproj", "{899FEEF4-F853-4CBB-9624-D7796EE9C631}"
EndProject
Global
	GlobalSection(SolutionConfigurationPlatforms) = preSolution
		Debug|Any CPU = Debug|Any CPU
		Release|Any CPU = Release|Any CPU
	EndGlobalSection
	GlobalSection(ProjectConfigurationPlatforms) = postSolution
		{899FEEF4-F853-4CBB-9624-D7796EE9C631}.Debug|Any CPU.ActiveCfg = Debug|Any CPU
		{899FEEF4-F853-4CBB-9624-D7796EE9C631}.Debug|Any CPU.Build.0 = Debug|Any CPU
		{899FEEF4-F853-4CBB-9624-D7796EE9C631}.Release|Any CPU.ActiveCfg = Release|Any CPU
		{899FEEF4-F853-4CBB-9624-D7796EE9C631}.Release|Any CPU.Build.0 = Release|Any CPU
	EndGlobalSection
	GlobalSection(SolutionProperties) = preSolution
		HideSolutionNode = FALSE
	EndGlobalSection
	GlobalSection(ExtensibilityGlobals) = postSolution
		SolutionGuid = {C2175257-2F6B-42FB-B134-69ED6E27814A}
	EndGlobalSection
EndGlobal
